{
    "laminas/laminas-code": {
        "version": "3.5.0"
    },
    "laminas/laminas-eventmanager": {
        "version": "3.3.0"
    },
    "laminas/laminas-zendframework-bridge": {
        "version": "1.1.1"
    },
    "myclabs/deep-copy": {
        "version": "1.10.2"
    },
    "nelmio/cors-bundle": {
        "version": "1.5",
        "recipe": {
            "repo": "github.com/symfony/recipes",
            "branch": "master",
            "version": "1.5",
            "ref": "6388de23860284db9acce0a7a5d9d13153bcb571"
        },
        "files": [
            "./config/packages/nelmio_cors.yaml"
        ]
    },
    "phar-io/manifest": {
        "version": "2.0.1"
    },
    "phar-io/version": {
        "version": "3.0.2"
    },
    "php": {
        "version": "7.4"
    },
    "phpdocumentor/reflection-common": {
        "version": "2.2.0"
    },
    "phpdocumentor/reflection-docblock": {
        "version": "5.2.2"
    },
    "phpdocumentor/type-resolver": {
        "version": "1.4.0"
    },
    "phpspec/prophecy": {
        "version": "1.12.1"
    },
    "phpunit/php-code-coverage": {
        "version": "9.2.3"
    },
    "phpunit/php-file-iterator": {
        "version": "3.0.5"
    },
    "phpunit/php-invoker": {
        "version": "3.1.1"
    },
    "phpunit/php-text-template": {
        "version": "2.0.4"
    },
    "phpunit/php-timer": {
        "version": "5.0.3"
    },
    "phpunit/phpunit": {
        "version": "4.7",
        "recipe": {
            "repo": "github.com/symfony/recipes",
            "branch": "master",
            "version": "4.7",
            "ref": "477e1387616f39505ba79715f43f124836020d71"
        },
        "files": [
            "./.env.test",
            "./phpunit.xml.dist",
            "./tests/bootstrap.php"
        ]
    },
    "sebastian/cli-parser": {
        "version": "1.0.1"
    },
    "sebastian/code-unit": {
        "version": "1.0.8"
    },
    "sebastian/code-unit-reverse-lookup": {
        "version": "2.0.3"
    },
    "sebastian/comparator": {
        "version": "4.0.6"
    },
    "sebastian/complexity": {
        "version": "2.0.2"
    },
    "sebastian/diff": {
        "version": "4.0.4"
    },
    "sebastian/environment": {
        "version": "5.1.3"
    },
    "sebastian/exporter": {
        "version": "4.0.3"
    },
    "sebastian/global-state": {
        "version": "5.0.2"
    },
    "sebastian/lines-of-code": {
        "version": "1.0.2"
    },
    "sebastian/object-enumerator": {
        "version": "4.0.4"
    },
    "sebastian/object-reflector": {
        "version": "2.0.4"
    },
    "sebastian/recursion-context": {
        "version": "4.0.4"
    },
    "sebastian/resource-operations": {
        "version": "3.0.3"
    },
    "sebastian/type": {
        "version": "2.3.1"
    },
    "sebastian/version": {
        "version": "3.0.2"
    },
    "symfony/deprecation-contracts": {
        "version": "v2.2.0"
    },
    "symfony/http-client": {
        "version": "v4.4.16"
    },
    "symfony/polyfill-intl-grapheme": {
        "version": "v1.20.0"
    },
    "symfony/process": {
        "version": "v4.4.16"
    },
    "symfony/property-info": {
        "version": "v5.1.8"
    },
    "symfony/string": {
        "version": "v5.1.8"
    },
    "symfony/web-server-bundle": {
        "version": "3.3",
        "recipe": {
            "repo": "github.com/symfony/recipes",
            "branch": "master",
            "version": "3.3",
            "ref": "dae9b39fd6717970be7601101ce5aa960bf53d9a"
        }
    },
    "theseer/tokenizer": {
        "version": "1.2.0"
    },
    "webimpress/safe-writer": {
        "version": "2.1.0"
    },
    "webmozart/assert": {
        "version": "1.9.1"
    }
}
